// !$*UTF8*$!
{
	archiveVersion = 1;
	classes = {
	};
	objectVersion = 46;
	objects = {

/* Begin PBXBuildFile section */
		6F8E671F1C17E80400EF46B6 /* main.m in Sources */ = {isa = PBXBuildFile; fileRef = 6F8E671E1C17E80400EF46B6 /* main.m */; };
		6F8E67221C17E80400EF46B6 /* AppDelegate.m in Sources */ = {isa = PBXBuildFile; fileRef = 6F8E67211C17E80400EF46B6 /* AppDelegate.m */; };
		6F8E67251C17E80400EF46B6 /* ViewController.m in Sources */ = {isa = PBXBuildFile; fileRef = 6F8E67241C17E80400EF46B6 /* ViewController.m */; };
		6F8E67281C17E80400EF46B6 /* Main.storyboard in Resources */ = {isa = PBXBuildFile; fileRef = 6F8E67261C17E80400EF46B6 /* Main.storyboard */; };
		6F8E672A1C17E80400EF46B6 /* Assets.xcassets in Resources */ = {isa = PBXBuildFile; fileRef = 6F8E67291C17E80400EF46B6 /* Assets.xcassets */; };
		6F8E672D1C17E80400EF46B6 /* LaunchScreen.storyboard in Resources */ = {isa = PBXBuildFile; fileRef = 6F8E672B1C17E80400EF46B6 /* LaunchScreen.storyboard */; };
		6F8E67381C17E80500EF46B6 /* FristProjectTests.m in Sources */ = {isa = PBXBuildFile; fileRef = 6F8E67371C17E80500EF46B6 /* FristProjectTests.m */; };
		6F8E67431C17E80500EF46B6 /* FristProjectUITests.m in Sources */ = {isa = PBXBuildFile; fileRef = 6F8E67421C17E80500EF46B6 /* FristProjectUITests.m */; };
		6F8E67551C17E85C00EF46B6 /* LinkInfoViewController.m in Sources */ = {isa = PBXBuildFile; fileRef = 6F8E67511C17E85C00EF46B6 /* LinkInfoViewController.m */; };
		6F8E67561C17E85C00EF46B6 /* LinkInfoViewController.xib in Resources */ = {isa = PBXBuildFile; fileRef = 6F8E67521C17E85C00EF46B6 /* LinkInfoViewController.xib */; };
		6F8E675A1C17E88200EF46B6 /* NameModel.m in Sources */ = {isa = PBXBuildFile; fileRef = 6F8E67591C17E88200EF46B6 /* NameModel.m */; };
		6F8E67D01C17E90300EF46B6 /* AFHTTPRequestOperation.m in Sources */ = {isa = PBXBuildFile; fileRef = 6F8E67601C17E90300EF46B6 /* AFHTTPRequestOperation.m */; };
		6F8E67D11C17E90300EF46B6 /* AFHTTPRequestOperationManager.m in Sources */ = {isa = PBXBuildFile; fileRef = 6F8E67621C17E90300EF46B6 /* AFHTTPRequestOperationManager.m */; };
		6F8E67D21C17E90300EF46B6 /* AFHTTPSessionManager.m in Sources */ = {isa = PBXBuildFile; fileRef = 6F8E67641C17E90300EF46B6 /* AFHTTPSessionManager.m */; };
		6F8E67D31C17E90300EF46B6 /* AFNetworkReachabilityManager.m in Sources */ = {isa = PBXBuildFile; fileRef = 6F8E67671C17E90300EF46B6 /* AFNetworkReachabilityManager.m */; };
		6F8E67D41C17E90300EF46B6 /* AFSecurityPolicy.m in Sources */ = {isa = PBXBuildFile; fileRef = 6F8E67691C17E90300EF46B6 /* AFSecurityPolicy.m */; };
		6F8E67D51C17E90300EF46B6 /* AFURLConnectionOperation.m in Sources */ = {isa = PBXBuildFile; fileRef = 6F8E676B1C17E90300EF46B6 /* AFURLConnectionOperation.m */; };
		6F8E67D61C17E90300EF46B6 /* AFURLRequestSerialization.m in Sources */ = {isa = PBXBuildFile; fileRef = 6F8E676D1C17E90300EF46B6 /* AFURLRequestSerialization.m */; };
		6F8E67D71C17E90300EF46B6 /* AFURLResponseSerialization.m in Sources */ = {isa = PBXBuildFile; fileRef = 6F8E676F1C17E90300EF46B6 /* AFURLResponseSerialization.m */; };
		6F8E67D81C17E90300EF46B6 /* AFURLSessionManager.m in Sources */ = {isa = PBXBuildFile; fileRef = 6F8E67711C17E90300EF46B6 /* AFURLSessionManager.m */; };
		6F8E67D91C17E90300EF46B6 /* AFNetworkActivityIndicatorManager.m in Sources */ = {isa = PBXBuildFile; fileRef = 6F8E67741C17E90300EF46B6 /* AFNetworkActivityIndicatorManager.m */; };
		6F8E67DA1C17E90300EF46B6 /* UIActivityIndicatorView+AFNetworking.m in Sources */ = {isa = PBXBuildFile; fileRef = 6F8E67761C17E90300EF46B6 /* UIActivityIndicatorView+AFNetworking.m */; };
		6F8E67DB1C17E90300EF46B6 /* UIAlertView+AFNetworking.m in Sources */ = {isa = PBXBuildFile; fileRef = 6F8E67781C17E90300EF46B6 /* UIAlertView+AFNetworking.m */; };
		6F8E67DC1C17E90300EF46B6 /* UIButton+AFNetworking.m in Sources */ = {isa = PBXBuildFile; fileRef = 6F8E677A1C17E90300EF46B6 /* UIButton+AFNetworking.m */; };
		6F8E67DD1C17E90300EF46B6 /* UIImageView+AFNetworking.m in Sources */ = {isa = PBXBuildFile; fileRef = 6F8E677C1C17E90300EF46B6 /* UIImageView+AFNetworking.m */; };
		6F8E67DE1C17E90300EF46B6 /* UIProgressView+AFNetworking.m in Sources */ = {isa = PBXBuildFile; fileRef = 6F8E677F1C17E90300EF46B6 /* UIProgressView+AFNetworking.m */; };
		6F8E67DF1C17E90300EF46B6 /* UIRefreshControl+AFNetworking.m in Sources */ = {isa = PBXBuildFile; fileRef = 6F8E67811C17E90300EF46B6 /* UIRefreshControl+AFNetworking.m */; };
		6F8E67E01C17E90300EF46B6 /* UIWebView+AFNetworking.m in Sources */ = {isa = PBXBuildFile; fileRef = 6F8E67831C17E90300EF46B6 /* UIWebView+AFNetworking.m */; };
		6F8E67E11C17E90300EF46B6 /* HttpApi.m in Sources */ = {isa = PBXBuildFile; fileRef = 6F8E67851C17E90300EF46B6 /* HttpApi.m */; };
		6F8E67E21C17E90300EF46B6 /* MBProgressHUD.m in Sources */ = {isa = PBXBuildFile; fileRef = 6F8E67881C17E90300EF46B6 /* MBProgressHUD.m */; };
		6F8E67E31C17E90300EF46B6 /* UIViewController+HUD.m in Sources */ = {isa = PBXBuildFile; fileRef = 6F8E678A1C17E90300EF46B6 /* UIViewController+HUD.m */; };
		6F8E67F81C17EBEC00EF46B6 /* BaseViewController.m in Sources */ = {isa = PBXBuildFile; fileRef = 6F8E67F71C17EBEC00EF46B6 /* BaseViewController.m */; };
		6F8E67FC1C17EE5700EF46B6 /* LinkCell.m in Sources */ = {isa = PBXBuildFile; fileRef = 6F8E67FA1C17EE5700EF46B6 /* LinkCell.m */; };
		6F8E67FD1C17EE5700EF46B6 /* LinkCell.xib in Resources */ = {isa = PBXBuildFile; fileRef = 6F8E67FB1C17EE5700EF46B6 /* LinkCell.xib */; };
		6F8E68011C17EE9D00EF46B6 /* LoadingViewController.m in Sources */ = {isa = PBXBuildFile; fileRef = 6F8E67FF1C17EE9D00EF46B6 /* LoadingViewController.m */; };
		6F8E68021C17EE9D00EF46B6 /* LoadingViewController.xib in Resources */ = {isa = PBXBuildFile; fileRef = 6F8E68001C17EE9D00EF46B6 /* LoadingViewController.xib */; };
		6F8E68071C17FC3900EF46B6 /* ListRowCell.m in Sources */ = {isa = PBXBuildFile; fileRef = 6F8E68051C17FC3900EF46B6 /* ListRowCell.m */; };
		6F8E68081C17FC3900EF46B6 /* ListRowCell.xib in Resources */ = {isa = PBXBuildFile; fileRef = 6F8E68061C17FC3900EF46B6 /* ListRowCell.xib */; };
		6F8E680B1C17FDDA00EF46B6 /* UserModel.m in Sources */ = {isa = PBXBuildFile; fileRef = 6F8E680A1C17FDDA00EF46B6 /* UserModel.m */; };
/* End PBXBuildFile section */

/* Begin PBXContainerItemProxy section */
		6F8E67341C17E80500EF46B6 /* PBXContainerItemProxy */ = {
			isa = PBXContainerItemProxy;
			containerPortal = 6F8E67121C17E80400EF46B6 /* Project object */;
			proxyType = 1;
			remoteGlobalIDString = 6F8E67191C17E80400EF46B6;
			remoteInfo = FristProject;
		};
		6F8E673F1C17E80500EF46B6 /* PBXContainerItemProxy */ = {
			isa = PBXContainerItemProxy;
			containerPortal = 6F8E67121C17E80400EF46B6 /* Project object */;
			proxyType = 1;
			remoteGlobalIDString = 6F8E67191C17E80400EF46B6;
			remoteInfo = FristProject;
		};
/* End PBXContainerItemProxy section */

/* Begin PBXFileReference section */
		6F8E671A1C17E80400EF46B6 /* FristProject.app */ = {isa = PBXFileReference; explicitFileType = wrapper.application; includeInIndex = 0; path = FristProject.app; sourceTree = BUILT_PRODUCTS_DIR; };
		6F8E671E1C17E80400EF46B6 /* main.m */ = {isa = PBXFileReference; lastKnownFileType = sourcecode.c.objc; path = main.m; sourceTree = "<group>"; };
		6F8E67201C17E80400EF46B6 /* AppDelegate.h */ = {isa = PBXFileReference; lastKnownFileType = sourcecode.c.h; path = AppDelegate.h; sourceTree = "<group>"; };
		6F8E67211C17E80400EF46B6 /* AppDelegate.m */ = {isa = PBXFileReference; lastKnownFileType = sourcecode.c.objc; path = AppDelegate.m; sourceTree = "<group>"; };
		6F8E67231C17E80400EF46B6 /* ViewController.h */ = {isa = PBXFileReference; lastKnownFileType = sourcecode.c.h; path = ViewController.h; sourceTree = "<group>"; };
		6F8E67241C17E80400EF46B6 /* ViewController.m */ = {isa = PBXFileReference; lastKnownFileType = sourcecode.c.objc; path = ViewController.m; sourceTree = "<group>"; };
		6F8E67271C17E80400EF46B6 /* Base */ = {isa = PBXFileReference; lastKnownFileType = file.storyboard; name = Base; path = Base.lproj/Main.storyboard; sourceTree = "<group>"; };
		6F8E67291C17E80400EF46B6 /* Assets.xcassets */ = {isa = PBXFileReference; lastKnownFileType = folder.assetcatalog; path = Assets.xcassets; sourceTree = "<group>"; };
		6F8E672C1C17E80400EF46B6 /* Base */ = {isa = PBXFileReference; lastKnownFileType = file.storyboard; name = Base; path = Base.lproj/LaunchScreen.storyboard; sourceTree = "<group>"; };
		6F8E672E1C17E80400EF46B6 /* Info.plist */ = {isa = PBXFileReference; lastKnownFileType = text.plist.xml; path = Info.plist; sourceTree = "<group>"; };
		6F8E67331C17E80500EF46B6 /* FristProjectTests.xctest */ = {isa = PBXFileReference; explicitFileType = wrapper.cfbundle; includeInIndex = 0; path = FristProjectTests.xctest; sourceTree = BUILT_PRODUCTS_DIR; };
		6F8E67371C17E80500EF46B6 /* FristProjectTests.m */ = {isa = PBXFileReference; lastKnownFileType = sourcecode.c.objc; path = FristProjectTests.m; sourceTree = "<group>"; };
		6F8E67391C17E80500EF46B6 /* Info.plist */ = {isa = PBXFileReference; lastKnownFileType = text.plist.xml; path = Info.plist; sourceTree = "<group>"; };
		6F8E673E1C17E80500EF46B6 /* FristProjectUITests.xctest */ = {isa = PBXFileReference; explicitFileType = wrapper.cfbundle; includeInIndex = 0; path = FristProjectUITests.xctest; sourceTree = BUILT_PRODUCTS_DIR; };
		6F8E67421C17E80500EF46B6 /* FristProjectUITests.m */ = {isa = PBXFileReference; lastKnownFileType = sourcecode.c.objc; path = FristProjectUITests.m; sourceTree = "<group>"; };
		6F8E67441C17E80500EF46B6 /* Info.plist */ = {isa = PBXFileReference; lastKnownFileType = text.plist.xml; path = Info.plist; sourceTree = "<group>"; };
		6F8E67501C17E85C00EF46B6 /* LinkInfoViewController.h */ = {isa = PBXFileReference; fileEncoding = 4; lastKnownFileType = sourcecode.c.h; path = LinkInfoViewController.h; sourceTree = "<group>"; };
		6F8E67511C17E85C00EF46B6 /* LinkInfoViewController.m */ = {isa = PBXFileReference; fileEncoding = 4; lastKnownFileType = sourcecode.c.objc; path = LinkInfoViewController.m; sourceTree = "<group>"; };
		6F8E67521C17E85C00EF46B6 /* LinkInfoViewController.xib */ = {isa = PBXFileReference; fileEncoding = 4; lastKnownFileType = file.xib; path = LinkInfoViewController.xib; sourceTree = "<group>"; };
		6F8E67581C17E87200EF46B6 /* NameModel.h */ = {isa = PBXFileReference; fileEncoding = 4; lastKnownFileType = sourcecode.c.h; path = NameModel.h; sourceTree = "<group>"; };
		6F8E67591C17E88200EF46B6 /* NameModel.m */ = {isa = PBXFileReference; fileEncoding = 4; lastKnownFileType = sourcecode.c.objc; path = NameModel.m; sourceTree = "<group>"; };
		6F8E675F1C17E90300EF46B6 /* AFHTTPRequestOperation.h */ = {isa = PBXFileReference; fileEncoding = 4; lastKnownFileType = sourcecode.c.h; path = AFHTTPRequestOperation.h; sourceTree = "<group>"; };
		6F8E67601C17E90300EF46B6 /* AFHTTPRequestOperation.m */ = {isa = PBXFileReference; fileEncoding = 4; lastKnownFileType = sourcecode.c.objc; path = AFHTTPRequestOperation.m; sourceTree = "<group>"; };
		6F8E67611C17E90300EF46B6 /* AFHTTPRequestOperationManager.h */ = {isa = PBXFileReference; fileEncoding = 4; lastKnownFileType = sourcecode.c.h; path = AFHTTPRequestOperationManager.h; sourceTree = "<group>"; };
		6F8E67621C17E90300EF46B6 /* AFHTTPRequestOperationManager.m */ = {isa = PBXFileReference; fileEncoding = 4; lastKnownFileType = sourcecode.c.objc; path = AFHTTPRequestOperationManager.m; sourceTree = "<group>"; };
		6F8E67631C17E90300EF46B6 /* AFHTTPSessionManager.h */ = {isa = PBXFileReference; fileEncoding = 4; lastKnownFileType = sourcecode.c.h; path = AFHTTPSessionManager.h; sourceTree = "<group>"; };
		6F8E67641C17E90300EF46B6 /* AFHTTPSessionManager.m */ = {isa = PBXFileReference; fileEncoding = 4; lastKnownFileType = sourcecode.c.objc; path = AFHTTPSessionManager.m; sourceTree = "<group>"; };
		6F8E67651C17E90300EF46B6 /* AFNetworking.h */ = {isa = PBXFileReference; fileEncoding = 4; lastKnownFileType = sourcecode.c.h; path = AFNetworking.h; sourceTree = "<group>"; };
		6F8E67661C17E90300EF46B6 /* AFNetworkReachabilityManager.h */ = {isa = PBXFileReference; fileEncoding = 4; lastKnownFileType = sourcecode.c.h; path = AFNetworkReachabilityManager.h; sourceTree = "<group>"; };
		6F8E67671C17E90300EF46B6 /* AFNetworkReachabilityManager.m */ = {isa = PBXFileReference; fileEncoding = 4; lastKnownFileType = sourcecode.c.objc; path = AFNetworkReachabilityManager.m; sourceTree = "<group>"; };
		6F8E67681C17E90300EF46B6 /* AFSecurityPolicy.h */ = {isa = PBXFileReference; fileEncoding = 4; lastKnownFileType = sourcecode.c.h; path = AFSecurityPolicy.h; sourceTree = "<group>"; };
		6F8E67691C17E90300EF46B6 /* AFSecurityPolicy.m */ = {isa = PBXFileReference; fileEncoding = 4; lastKnownFileType = sourcecode.c.objc; path = AFSecurityPolicy.m; sourceTree = "<group>"; };
		6F8E676A1C17E90300EF46B6 /* AFURLConnectionOperation.h */ = {isa = PBXFileReference; fileEncoding = 4; lastKnownFileType = sourcecode.c.h; path = AFURLConnectionOperation.h; sourceTree = "<group>"; };
		6F8E676B1C17E90300EF46B6 /* AFURLConnectionOperation.m */ = {isa = PBXFileReference; fileEncoding = 4; lastKnownFileType = sourcecode.c.objc; path = AFURLConnectionOperation.m; sourceTree = "<group>"; };
		6F8E676C1C17E90300EF46B6 /* AFURLRequestSerialization.h */ = {isa = PBXFileReference; fileEncoding = 4; lastKnownFileType = sourcecode.c.h; path = AFURLRequestSerialization.h; sourceTree = "<group>"; };
		6F8E676D1C17E90300EF46B6 /* AFURLRequestSerialization.m */ = {isa = PBXFileReference; fileEncoding = 4; lastKnownFileType = sourcecode.c.objc; path = AFURLRequestSerialization.m; sourceTree = "<group>"; };
		6F8E676E1C17E90300EF46B6 /* AFURLResponseSerialization.h */ = {isa = PBXFileReference; fileEncoding = 4; lastKnownFileType = sourcecode.c.h; path = AFURLResponseSerialization.h; sourceTree = "<group>"; };
		6F8E676F1C17E90300EF46B6 /* AFURLResponseSerialization.m */ = {isa = PBXFileReference; fileEncoding = 4; lastKnownFileType = sourcecode.c.objc; path = AFURLResponseSerialization.m; sourceTree = "<group>"; };
		6F8E67701C17E90300EF46B6 /* AFURLSessionManager.h */ = {isa = PBXFileReference; fileEncoding = 4; lastKnownFileType = sourcecode.c.h; path = AFURLSessionManager.h; sourceTree = "<group>"; };
		6F8E67711C17E90300EF46B6 /* AFURLSessionManager.m */ = {isa = PBXFileReference; fileEncoding = 4; lastKnownFileType = sourcecode.c.objc; path = AFURLSessionManager.m; sourceTree = "<group>"; };
		6F8E67731C17E90300EF46B6 /* AFNetworkActivityIndicatorManager.h */ = {isa = PBXFileReference; fileEncoding = 4; lastKnownFileType = sourcecode.c.h; path = AFNetworkActivityIndicatorManager.h; sourceTree = "<group>"; };
		6F8E67741C17E90300EF46B6 /* AFNetworkActivityIndicatorManager.m */ = {isa = PBXFileReference; fileEncoding = 4; lastKnownFileType = sourcecode.c.objc; path = AFNetworkActivityIndicatorManager.m; sourceTree = "<group>"; };
		6F8E67751C17E90300EF46B6 /* UIActivityIndicatorView+AFNetworking.h */ = {isa = PBXFileReference; fileEncoding = 4; lastKnownFileType = sourcecode.c.h; path = "UIActivityIndicatorView+AFNetworking.h"; sourceTree = "<group>"; };
		6F8E67761C17E90300EF46B6 /* UIActivityIndicatorView+AFNetworking.m */ = {isa = PBXFileReference; fileEncoding = 4; lastKnownFileType = sourcecode.c.objc; path = "UIActivityIndicatorView+AFNetworking.m"; sourceTree = "<group>"; };
		6F8E67771C17E90300EF46B6 /* UIAlertView+AFNetworking.h */ = {isa = PBXFileReference; fileEncoding = 4; lastKnownFileType = sourcecode.c.h; path = "UIAlertView+AFNetworking.h"; sourceTree = "<group>"; };
		6F8E67781C17E90300EF46B6 /* UIAlertView+AFNetworking.m */ = {isa = PBXFileReference; fileEncoding = 4; lastKnownFileType = sourcecode.c.objc; path = "UIAlertView+AFNetworking.m"; sourceTree = "<group>"; };
		6F8E67791C17E90300EF46B6 /* UIButton+AFNetworking.h */ = {isa = PBXFileReference; fileEncoding = 4; lastKnownFileType = sourcecode.c.h; path = "UIButton+AFNetworking.h"; sourceTree = "<group>"; };
		6F8E677A1C17E90300EF46B6 /* UIButton+AFNetworking.m */ = {isa = PBXFileReference; fileEncoding = 4; lastKnownFileType = sourcecode.c.objc; path = "UIButton+AFNetworking.m"; sourceTree = "<group>"; };
		6F8E677B1C17E90300EF46B6 /* UIImageView+AFNetworking.h */ = {isa = PBXFileReference; fileEncoding = 4; lastKnownFileType = sourcecode.c.h; path = "UIImageView+AFNetworking.h"; sourceTree = "<group>"; };
		6F8E677C1C17E90300EF46B6 /* UIImageView+AFNetworking.m */ = {isa = PBXFileReference; fileEncoding = 4; lastKnownFileType = sourcecode.c.objc; path = "UIImageView+AFNetworking.m"; sourceTree = "<group>"; };
		6F8E677D1C17E90300EF46B6 /* UIKit+AFNetworking.h */ = {isa = PBXFileReference; fileEncoding = 4; lastKnownFileType = sourcecode.c.h; path = "UIKit+AFNetworking.h"; sourceTree = "<group>"; };
		6F8E677E1C17E90300EF46B6 /* UIProgressView+AFNetworking.h */ = {isa = PBXFileReference; fileEncoding = 4; lastKnownFileType = sourcecode.c.h; path = "UIProgressView+AFNetworking.h"; sourceTree = "<group>"; };
		6F8E677F1C17E90300EF46B6 /* UIProgressView+AFNetworking.m */ = {isa = PBXFileReference; fileEncoding = 4; lastKnownFileType = sourcecode.c.objc; path = "UIProgressView+AFNetworking.m"; sourceTree = "<group>"; };
		6F8E67801C17E90300EF46B6 /* UIRefreshControl+AFNetworking.h */ = {isa = PBXFileReference; fileEncoding = 4; lastKnownFileType = sourcecode.c.h; path = "UIRefreshControl+AFNetworking.h"; sourceTree = "<group>"; };
		6F8E67811C17E90300EF46B6 /* UIRefreshControl+AFNetworking.m */ = {isa = PBXFileReference; fileEncoding = 4; lastKnownFileType = sourcecode.c.objc; path = "UIRefreshControl+AFNetworking.m"; sourceTree = "<group>"; };
		6F8E67821C17E90300EF46B6 /* UIWebView+AFNetworking.h */ = {isa = PBXFileReference; fileEncoding = 4; lastKnownFileType = sourcecode.c.h; path = "UIWebView+AFNetworking.h"; sourceTree = "<group>"; };
		6F8E67831C17E90300EF46B6 /* UIWebView+AFNetworking.m */ = {isa = PBXFileReference; fileEncoding = 4; lastKnownFileType = sourcecode.c.objc; path = "UIWebView+AFNetworking.m"; sourceTree = "<group>"; };
		6F8E67841C17E90300EF46B6 /* HttpApi.h */ = {isa = PBXFileReference; fileEncoding = 4; lastKnownFileType = sourcecode.c.h; path = HttpApi.h; sourceTree = "<group>"; };
		6F8E67851C17E90300EF46B6 /* HttpApi.m */ = {isa = PBXFileReference; fileEncoding = 4; lastKnownFileType = sourcecode.c.objc; path = HttpApi.m; sourceTree = "<group>"; };
		6F8E67871C17E90300EF46B6 /* MBProgressHUD.h */ = {isa = PBXFileReference; fileEncoding = 4; lastKnownFileType = sourcecode.c.h; path = MBProgressHUD.h; sourceTree = "<group>"; };
		6F8E67881C17E90300EF46B6 /* MBProgressHUD.m */ = {isa = PBXFileReference; fileEncoding = 4; lastKnownFileType = sourcecode.c.objc; path = MBProgressHUD.m; sourceTree = "<group>"; };
		6F8E67891C17E90300EF46B6 /* UIViewController+HUD.h */ = {isa = PBXFileReference; fileEncoding = 4; lastKnownFileType = sourcecode.c.h; path = "UIViewController+HUD.h"; sourceTree = "<group>"; };
		6F8E678A1C17E90300EF46B6 /* UIViewController+HUD.m */ = {isa = PBXFileReference; fileEncoding = 4; lastKnownFileType = sourcecode.c.objc; path = "UIViewController+HUD.m"; sourceTree = "<group>"; };
		6F8E678B1C17E90300EF46B6 /* HTTP.h */ = {isa = PBXFileReference; fileEncoding = 4; lastKnownFileType = sourcecode.c.h; path = HTTP.h; sourceTree = "<group>"; };
		6F8E67F61C17EBEC00EF46B6 /* BaseViewController.h */ = {isa = PBXFileReference; fileEncoding = 4; lastKnownFileType = sourcecode.c.h; path = BaseViewController.h; sourceTree = "<group>"; };
		6F8E67F71C17EBEC00EF46B6 /* BaseViewController.m */ = {isa = PBXFileReference; fileEncoding = 4; lastKnownFileType = sourcecode.c.objc; path = BaseViewController.m; sourceTree = "<group>"; };
		6F8E67F91C17EE5700EF46B6 /* LinkCell.h */ = {isa = PBXFileReference; fileEncoding = 4; lastKnownFileType = sourcecode.c.h; path = LinkCell.h; sourceTree = "<group>"; };
		6F8E67FA1C17EE5700EF46B6 /* LinkCell.m */ = {isa = PBXFileReference; fileEncoding = 4; lastKnownFileType = sourcecode.c.objc; path = LinkCell.m; sourceTree = "<group>"; };
		6F8E67FB1C17EE5700EF46B6 /* LinkCell.xib */ = {isa = PBXFileReference; fileEncoding = 4; lastKnownFileType = file.xib; path = LinkCell.xib; sourceTree = "<group>"; };
		6F8E67FE1C17EE9D00EF46B6 /* LoadingViewController.h */ = {isa = PBXFileReference; fileEncoding = 4; lastKnownFileType = sourcecode.c.h; path = LoadingViewController.h; sourceTree = "<group>"; };
		6F8E67FF1C17EE9D00EF46B6 /* LoadingViewController.m */ = {isa = PBXFileReference; fileEncoding = 4; lastKnownFileType = sourcecode.c.objc; path = LoadingViewController.m; sourceTree = "<group>"; };
		6F8E68001C17EE9D00EF46B6 /* LoadingViewController.xib */ = {isa = PBXFileReference; fileEncoding = 4; lastKnownFileType = file.xib; path = LoadingViewController.xib; sourceTree = "<group>"; };
		6F8E68041C17FC3900EF46B6 /* ListRowCell.h */ = {isa = PBXFileReference; fileEncoding = 4; lastKnownFileType = sourcecode.c.h; path = ListRowCell.h; sourceTree = "<group>"; };
		6F8E68051C17FC3900EF46B6 /* ListRowCell.m */ = {isa = PBXFileReference; fileEncoding = 4; lastKnownFileType = sourcecode.c.objc; path = ListRowCell.m; sourceTree = "<group>"; };
		6F8E68061C17FC3900EF46B6 /* ListRowCell.xib */ = {isa = PBXFileReference; fileEncoding = 4; lastKnownFileType = file.xib; path = ListRowCell.xib; sourceTree = "<group>"; };
		6F8E68091C17FDDA00EF46B6 /* UserModel.h */ = {isa = PBXFileReference; fileEncoding = 4; lastKnownFileType = sourcecode.c.h; path = UserModel.h; sourceTree = "<group>"; };
		6F8E680A1C17FDDA00EF46B6 /* UserModel.m */ = {isa = PBXFileReference; fileEncoding = 4; lastKnownFileType = sourcecode.c.objc; path = UserModel.m; sourceTree = "<group>"; };
/* End PBXFileReference section */

/* Begin PBXFrameworksBuildPhase section */
		6F8E67171C17E80400EF46B6 /* Frameworks */ = {
			isa = PBXFrameworksBuildPhase;
			buildActionMask = 2147483647;
			files = (
			);
			runOnlyForDeploymentPostprocessing = 0;
		};
		6F8E67301C17E80500EF46B6 /* Frameworks */ = {
			isa = PBXFrameworksBuildPhase;
			buildActionMask = 2147483647;
			files = (
			);
			runOnlyForDeploymentPostprocessing = 0;
		};
		6F8E673B1C17E80500EF46B6 /* Frameworks */ = {
			isa = PBXFrameworksBuildPhase;
			buildActionMask = 2147483647;
			files = (
			);
			runOnlyForDeploymentPostprocessing = 0;
		};
/* End PBXFrameworksBuildPhase section */

/* Begin PBXGroup section */
		6F8E67111C17E80300EF46B6 = {
			isa = PBXGroup;
			children = (
				6F8E671C1C17E80400EF46B6 /* FristProject */,
				6F8E67361C17E80500EF46B6 /* FristProjectTests */,
				6F8E67411C17E80500EF46B6 /* FristProjectUITests */,
				6F8E671B1C17E80400EF46B6 /* Products */,
			);
			sourceTree = "<group>";
		};
		6F8E671B1C17E80400EF46B6 /* Products */ = {
			isa = PBXGroup;
			children = (
				6F8E671A1C17E80400EF46B6 /* FristProject.app */,
				6F8E67331C17E80500EF46B6 /* FristProjectTests.xctest */,
				6F8E673E1C17E80500EF46B6 /* FristProjectUITests.xctest */,
			);
			name = Products;
			sourceTree = "<group>";
		};
		6F8E671C1C17E80400EF46B6 /* FristProject */ = {
			isa = PBXGroup;
			children = (
				6F8E67F51C17E9B300EF46B6 /* controllers */,
				6F8E67F41C17E9AA00EF46B6 /* view */,
				6F8E67F31C17E9A400EF46B6 /* model */,
				6F8E675B1C17E90300EF46B6 /* lib */,
				6F8E67291C17E80400EF46B6 /* Assets.xcassets */,
				6F8E672B1C17E80400EF46B6 /* LaunchScreen.storyboard */,
				6F8E672E1C17E80400EF46B6 /* Info.plist */,
				6F8E671D1C17E80400EF46B6 /* Supporting Files */,
			);
			path = FristProject;
			sourceTree = "<group>";
		};
		6F8E671D1C17E80400EF46B6 /* Supporting Files */ = {
			isa = PBXGroup;
			children = (
				6F8E671E1C17E80400EF46B6 /* main.m */,
			);
			name = "Supporting Files";
			sourceTree = "<group>";
		};
		6F8E67361C17E80500EF46B6 /* FristProjectTests */ = {
			isa = PBXGroup;
			children = (
				6F8E67371C17E80500EF46B6 /* FristProjectTests.m */,
				6F8E67391C17E80500EF46B6 /* Info.plist */,
			);
			path = FristProjectTests;
			sourceTree = "<group>";
		};
		6F8E67411C17E80500EF46B6 /* FristProjectUITests */ = {
			isa = PBXGroup;
			children = (
				6F8E67421C17E80500EF46B6 /* FristProjectUITests.m */,
				6F8E67441C17E80500EF46B6 /* Info.plist */,
			);
			path = FristProjectUITests;
			sourceTree = "<group>";
		};
		6F8E675B1C17E90300EF46B6 /* lib */ = {
			isa = PBXGroup;
			children = (
				6F8E675C1C17E90300EF46B6 /* afnetWorking */,
				6F8E678B1C17E90300EF46B6 /* HTTP.h */,
			);
			path = lib;
			sourceTree = "<group>";
		};
		6F8E675C1C17E90300EF46B6 /* afnetWorking */ = {
			isa = PBXGroup;
			children = (
				6F8E675D1C17E90300EF46B6 /* AFNetworking */,
				6F8E67841C17E90300EF46B6 /* HttpApi.h */,
				6F8E67851C17E90300EF46B6 /* HttpApi.m */,
				6F8E67861C17E90300EF46B6 /* MBProgressHUD */,
			);
			path = afnetWorking;
			sourceTree = "<group>";
		};
		6F8E675D1C17E90300EF46B6 /* AFNetworking */ = {
			isa = PBXGroup;
			children = (
				6F8E675E1C17E90300EF46B6 /* AFNetworking */,
				6F8E67721C17E90300EF46B6 /* UIKit+AFNetworking */,
			);
			path = AFNetworking;
			sourceTree = "<group>";
		};
		6F8E675E1C17E90300EF46B6 /* AFNetworking */ = {
			isa = PBXGroup;
			children = (
				6F8E675F1C17E90300EF46B6 /* AFHTTPRequestOperation.h */,
				6F8E67601C17E90300EF46B6 /* AFHTTPRequestOperation.m */,
				6F8E67611C17E90300EF46B6 /* AFHTTPRequestOperationManager.h */,
				6F8E67621C17E90300EF46B6 /* AFHTTPRequestOperationManager.m */,
				6F8E67631C17E90300EF46B6 /* AFHTTPSessionManager.h */,
				6F8E67641C17E90300EF46B6 /* AFHTTPSessionManager.m */,
				6F8E67651C17E90300EF46B6 /* AFNetworking.h */,
				6F8E67661C17E90300EF46B6 /* AFNetworkReachabilityManager.h */,
				6F8E67671C17E90300EF46B6 /* AFNetworkReachabilityManager.m */,
				6F8E67681C17E90300EF46B6 /* AFSecurityPolicy.h */,
				6F8E67691C17E90300EF46B6 /* AFSecurityPolicy.m */,
				6F8E676A1C17E90300EF46B6 /* AFURLConnectionOperation.h */,
				6F8E676B1C17E90300EF46B6 /* AFURLConnectionOperation.m */,
				6F8E676C1C17E90300EF46B6 /* AFURLRequestSerialization.h */,
				6F8E676D1C17E90300EF46B6 /* AFURLRequestSerialization.m */,
				6F8E676E1C17E90300EF46B6 /* AFURLResponseSerialization.h */,
				6F8E676F1C17E90300EF46B6 /* AFURLResponseSerialization.m */,
				6F8E67701C17E90300EF46B6 /* AFURLSessionManager.h */,
				6F8E67711C17E90300EF46B6 /* AFURLSessionManager.m */,
			);
			path = AFNetworking;
			sourceTree = "<group>";
		};
		6F8E67721C17E90300EF46B6 /* UIKit+AFNetworking */ = {
			isa = PBXGroup;
			children = (
				6F8E67731C17E90300EF46B6 /* AFNetworkActivityIndicatorManager.h */,
				6F8E67741C17E90300EF46B6 /* AFNetworkActivityIndicatorManager.m */,
				6F8E67751C17E90300EF46B6 /* UIActivityIndicatorView+AFNetworking.h */,
				6F8E67761C17E90300EF46B6 /* UIActivityIndicatorView+AFNetworking.m */,
				6F8E67771C17E90300EF46B6 /* UIAlertView+AFNetworking.h */,
				6F8E67781C17E90300EF46B6 /* UIAlertView+AFNetworking.m */,
				6F8E67791C17E90300EF46B6 /* UIButton+AFNetworking.h */,
				6F8E677A1C17E90300EF46B6 /* UIButton+AFNetworking.m */,
				6F8E677B1C17E90300EF46B6 /* UIImageView+AFNetworking.h */,
				6F8E677C1C17E90300EF46B6 /* UIImageView+AFNetworking.m */,
				6F8E677D1C17E90300EF46B6 /* UIKit+AFNetworking.h */,
				6F8E677E1C17E90300EF46B6 /* UIProgressView+AFNetworking.h */,
				6F8E677F1C17E90300EF46B6 /* UIProgressView+AFNetworking.m */,
				6F8E67801C17E90300EF46B6 /* UIRefreshControl+AFNetworking.h */,
				6F8E67811C17E90300EF46B6 /* UIRefreshControl+AFNetworking.m */,
				6F8E67821C17E90300EF46B6 /* UIWebView+AFNetworking.h */,
				6F8E67831C17E90300EF46B6 /* UIWebView+AFNetworking.m */,
			);
			path = "UIKit+AFNetworking";
			sourceTree = "<group>";
		};
		6F8E67861C17E90300EF46B6 /* MBProgressHUD */ = {
			isa = PBXGroup;
			children = (
				6F8E67871C17E90300EF46B6 /* MBProgressHUD.h */,
				6F8E67881C17E90300EF46B6 /* MBProgressHUD.m */,
				6F8E67891C17E90300EF46B6 /* UIViewController+HUD.h */,
				6F8E678A1C17E90300EF46B6 /* UIViewController+HUD.m */,
			);
			path = MBProgressHUD;
			sourceTree = "<group>";
		};
		6F8E67F31C17E9A400EF46B6 /* model */ = {
			isa = PBXGroup;
			children = (
				6F8E67581C17E87200EF46B6 /* NameModel.h */,
				6F8E67591C17E88200EF46B6 /* NameModel.m */,
				6F8E68091C17FDDA00EF46B6 /* UserModel.h */,
				6F8E680A1C17FDDA00EF46B6 /* UserModel.m */,
			);
			name = model;
			sourceTree = "<group>";
		};
		6F8E67F41C17E9AA00EF46B6 /* view */ = {
			isa = PBXGroup;
			children = (
				6F8E68041C17FC3900EF46B6 /* ListRowCell.h */,
				6F8E68051C17FC3900EF46B6 /* ListRowCell.m */,
				6F8E68061C17FC3900EF46B6 /* ListRowCell.xib */,
				6F8E67F91C17EE5700EF46B6 /* LinkCell.h */,
				6F8E67FA1C17EE5700EF46B6 /* LinkCell.m */,
				6F8E67FB1C17EE5700EF46B6 /* LinkCell.xib */,
			);
			name = view;
			sourceTree = "<group>";
		};
		6F8E67F51C17E9B300EF46B6 /* controllers */ = {
			isa = PBXGroup;
			children = (
				6F8E68031C17FB7C00EF46B6 /* base */,
				6F8E67231C17E80400EF46B6 /* ViewController.h */,
				6F8E67241C17E80400EF46B6 /* ViewController.m */,
				6F8E67261C17E80400EF46B6 /* Main.storyboard */,
				6F8E67501C17E85C00EF46B6 /* LinkInfoViewController.h */,
				6F8E67511C17E85C00EF46B6 /* LinkInfoViewController.m */,
				6F8E67521C17E85C00EF46B6 /* LinkInfoViewController.xib */,
				6F8E67FE1C17EE9D00EF46B6 /* LoadingViewController.h */,
				6F8E67FF1C17EE9D00EF46B6 /* LoadingViewController.m */,
				6F8E68001C17EE9D00EF46B6 /* LoadingViewController.xib */,
			);
			name = controllers;
			sourceTree = "<group>";
		};
		6F8E68031C17FB7C00EF46B6 /* base */ = {
			isa = PBXGroup;
			children = (
				6F8E67201C17E80400EF46B6 /* AppDelegate.h */,
				6F8E67211C17E80400EF46B6 /* AppDelegate.m */,
				6F8E67F61C17EBEC00EF46B6 /* BaseViewController.h */,
				6F8E67F71C17EBEC00EF46B6 /* BaseViewController.m */,
			);
			name = base;
			sourceTree = "<group>";
		};
/* End PBXGroup section */

/* Begin PBXNativeTarget section */
		6F8E67191C17E80400EF46B6 /* FristProject */ = {
			isa = PBXNativeTarget;
			buildConfigurationList = 6F8E67471C17E80500EF46B6 /* Build configuration list for PBXNativeTarget "FristProject" */;
			buildPhases = (
				6F8E67161C17E80400EF46B6 /* Sources */,
				6F8E67171C17E80400EF46B6 /* Frameworks */,
				6F8E67181C17E80400EF46B6 /* Resources */,
			);
			buildRules = (
			);
			dependencies = (
			);
			name = FristProject;
			productName = FristProject;
			productReference = 6F8E671A1C17E80400EF46B6 /* FristProject.app */;
			productType = "com.apple.product-type.application";
		};
		6F8E67321C17E80500EF46B6 /* FristProjectTests */ = {
			isa = PBXNativeTarget;
			buildConfigurationList = 6F8E674A1C17E80500EF46B6 /* Build configuration list for PBXNativeTarget "FristProjectTests" */;
			buildPhases = (
				6F8E672F1C17E80500EF46B6 /* Sources */,
				6F8E67301C17E80500EF46B6 /* Frameworks */,
				6F8E67311C17E80500EF46B6 /* Resources */,
			);
			buildRules = (
			);
			dependencies = (
				6F8E67351C17E80500EF46B6 /* PBXTargetDependency */,
			);
			name = FristProjectTests;
			productName = FristProjectTests;
			productReference = 6F8E67331C17E80500EF46B6 /* FristProjectTests.xctest */;
			productType = "com.apple.product-type.bundle.unit-test";
		};
		6F8E673D1C17E80500EF46B6 /* FristProjectUITests */ = {
			isa = PBXNativeTarget;
			buildConfigurationList = 6F8E674D1C17E80500EF46B6 /* Build configuration list for PBXNativeTarget "FristProjectUITests" */;
			buildPhases = (
				6F8E673A1C17E80500EF46B6 /* Sources */,
				6F8E673B1C17E80500EF46B6 /* Frameworks */,
				6F8E673C1C17E80500EF46B6 /* Resources */,
			);
			buildRules = (
			);
			dependencies = (
				6F8E67401C17E80500EF46B6 /* PBXTargetDependency */,
			);
			name = FristProjectUITests;
			productName = FristProjectUITests;
			productReference = 6F8E673E1C17E80500EF46B6 /* FristProjectUITests.xctest */;
			productType = "com.apple.product-type.bundle.ui-testing";
		};
/* End PBXNativeTarget section */

/* Begin PBXProject section */
		6F8E67121C17E80400EF46B6 /* Project object */ = {
			isa = PBXProject;
			attributes = {
				LastUpgradeCheck = 0720;
				ORGANIZATIONNAME = wei;
				TargetAttributes = {
					6F8E67191C17E80400EF46B6 = {
						CreatedOnToolsVersion = 7.2;
						DevelopmentTeam = U3MCAC3CU7;
					};
					6F8E67321C17E80500EF46B6 = {
						CreatedOnToolsVersion = 7.2;
						TestTargetID = 6F8E67191C17E80400EF46B6;
					};
					6F8E673D1C17E80500EF46B6 = {
						CreatedOnToolsVersion = 7.2;
						TestTargetID = 6F8E67191C17E80400EF46B6;
					};
				};
			};
			buildConfigurationList = 6F8E67151C17E80400EF46B6 /* Build configuration list for PBXProject "FristProject" */;
			compatibilityVersion = "Xcode 3.2";
			developmentRegion = English;
			hasScannedForEncodings = 0;
			knownRegions = (
				en,
				Base,
			);
			mainGroup = 6F8E67111C17E80300EF46B6;
			productRefGroup = 6F8E671B1C17E80400EF46B6 /* Products */;
			projectDirPath = "";
			projectRoot = "";
			targets = (
				6F8E67191C17E80400EF46B6 /* FristProject */,
				6F8E67321C17E80500EF46B6 /* FristProjectTests */,
				6F8E673D1C17E80500EF46B6 /* FristProjectUITests */,
			);
		};
/* End PBXProject section */

/* Begin PBXResourcesBuildPhase section */
		6F8E67181C17E80400EF46B6 /* Resources */ = {
			isa = PBXResourcesBuildPhase;
			buildActionMask = 2147483647;
			files = (
				6F8E67561C17E85C00EF46B6 /* LinkInfoViewController.xib in Resources */,
				6F8E672D1C17E80400EF46B6 /* LaunchScreen.storyboard in Resources */,
				6F8E68081C17FC3900EF46B6 /* ListRowCell.xib in Resources */,
				6F8E672A1C17E80400EF46B6 /* Assets.xcassets in Resources */,
				6F8E68021C17EE9D00EF46B6 /* LoadingViewController.xib in Resources */,
				6F8E67281C17E80400EF46B6 /* Main.storyboard in Resources */,
				6F8E67FD1C17EE5700EF46B6 /* LinkCell.xib in Resources */,
			);
			runOnlyForDeploymentPostprocessing = 0;
		};
		6F8E67311C17E80500EF46B6 /* Resources */ = {
			isa = PBXResourcesBuildPhase;
			buildActionMask = 2147483647;
			files = (
			);
			runOnlyForDeploymentPostprocessing = 0;
		};
		6F8E673C1C17E80500EF46B6 /* Resources */ = {
			isa = PBXResourcesBuildPhase;
			buildActionMask = 2147483647;
			files = (
			);
			runOnlyForDeploymentPostprocessing = 0;
		};
/* End PBXResourcesBuildPhase section */

/* Begin PBXSourcesBuildPhase section */
		6F8E67161C17E80400EF46B6 /* Sources */ = {
			isa = PBXSourcesBuildPhase;
			buildActionMask = 2147483647;
			files = (
				6F8E67D81C17E90300EF46B6 /* AFURLSessionManager.m in Sources */,
				6F8E67551C17E85C00EF46B6 /* LinkInfoViewController.m in Sources */,
				6F8E67251C17E80400EF46B6 /* ViewController.m in Sources */,
				6F8E68011C17EE9D00EF46B6 /* LoadingViewController.m in Sources */,
				6F8E67D31C17E90300EF46B6 /* AFNetworkReachabilityManager.m in Sources */,
				6F8E67D91C17E90300EF46B6 /* AFNetworkActivityIndicatorManager.m in Sources */,
				6F8E67221C17E80400EF46B6 /* AppDelegate.m in Sources */,
				6F8E67D51C17E90300EF46B6 /* AFURLConnectionOperation.m in Sources */,
				6F8E67DE1C17E90300EF46B6 /* UIProgressView+AFNetworking.m in Sources */,
				6F8E67D21C17E90300EF46B6 /* AFHTTPSessionManager.m in Sources */,
				6F8E67D61C17E90300EF46B6 /* AFURLRequestSerialization.m in Sources */,
				6F8E671F1C17E80400EF46B6 /* main.m in Sources */,
				6F8E67DC1C17E90300EF46B6 /* UIButton+AFNetworking.m in Sources */,
				6F8E67DD1C17E90300EF46B6 /* UIImageView+AFNetworking.m in Sources */,
				6F8E675A1C17E88200EF46B6 /* NameModel.m in Sources */,
				6F8E67E11C17E90300EF46B6 /* HttpApi.m in Sources */,
				6F8E67DB1C17E90300EF46B6 /* UIAlertView+AFNetworking.m in Sources */,
				6F8E67E21C17E90300EF46B6 /* MBProgressHUD.m in Sources */,
				6F8E67E01C17E90300EF46B6 /* UIWebView+AFNetworking.m in Sources */,
				6F8E67F81C17EBEC00EF46B6 /* BaseViewController.m in Sources */,
				6F8E67DA1C17E90300EF46B6 /* UIActivityIndicatorView+AFNetworking.m in Sources */,
				6F8E67D11C17E90300EF46B6 /* AFHTTPRequestOperationManager.m in Sources */,
				6F8E67DF1C17E90300EF46B6 /* UIRefreshControl+AFNetworking.m in Sources */,
				6F8E67E31C17E90300EF46B6 /* UIViewController+HUD.m in Sources */,
				6F8E67FC1C17EE5700EF46B6 /* LinkCell.m in Sources */,
				6F8E68071C17FC3900EF46B6 /* ListRowCell.m in Sources */,
				6F8E680B1C17FDDA00EF46B6 /* UserModel.m in Sources */,
				6F8E67D41C17E90300EF46B6 /* AFSecurityPolicy.m in Sources */,
				6F8E67D71C17E90300EF46B6 /* AFURLResponseSerialization.m in Sources */,
				6F8E67D01C17E90300EF46B6 /* AFHTTPRequestOperation.m in Sources */,
			);
			runOnlyForDeploymentPostprocessing = 0;
		};
		6F8E672F1C17E80500EF46B6 /* Sources */ = {
			isa = PBXSourcesBuildPhase;
			buildActionMask = 2147483647;
			files = (
				6F8E67381C17E80500EF46B6 /* FristProjectTests.m in Sources */,
			);
			runOnlyForDeploymentPostprocessing = 0;
		};
		6F8E673A1C17E80500EF46B6 /* Sources */ = {
			isa = PBXSourcesBuildPhase;
			buildActionMask = 2147483647;
			files = (
				6F8E67431C17E80500EF46B6 /* FristProjectUITests.m in Sources */,
			);
			runOnlyForDeploymentPostprocessing = 0;
		};
/* End PBXSourcesBuildPhase section */

/* Begin PBXTargetDependency section */
		6F8E67351C17E80500EF46B6 /* PBXTargetDependency */ = {
			isa = PBXTargetDependency;
			target = 6F8E67191C17E80400EF46B6 /* FristProject */;
			targetProxy = 6F8E67341C17E80500EF46B6 /* PBXContainerItemProxy */;
		};
		6F8E67401C17E80500EF46B6 /* PBXTargetDependency */ = {
			isa = PBXTargetDependency;
			target = 6F8E67191C17E80400EF46B6 /* FristProject */;
			targetProxy = 6F8E673F1C17E80500EF46B6 /* PBXContainerItemProxy */;
		};
/* End PBXTargetDependency section */

/* Begin PBXVariantGroup section */
		6F8E67261C17E80400EF46B6 /* Main.storyboard */ = {
			isa = PBXVariantGroup;
			children = (
				6F8E67271C17E80400EF46B6 /* Base */,
			);
			name = Main.storyboard;
			sourceTree = "<group>";
		};
		6F8E672B1C17E80400EF46B6 /* LaunchScreen.storyboard */ = {
			isa = PBXVariantGroup;
			children = (
				6F8E672C1C17E80400EF46B6 /* Base */,
			);
			name = LaunchScreen.storyboard;
			sourceTree = "<group>";
		};
/* End PBXVariantGroup section */

/* Begin XCBuildConfiguration section */
		6F8E67451C17E80500EF46B6 /* Debug */ = {
			isa = XCBuildConfiguration;
			buildSettings = {
				ALWAYS_SEARCH_USER_PATHS = NO;
				CLANG_CXX_LANGUAGE_STANDARD = "gnu++0x";
				CLANG_CXX_LIBRARY = "libc++";
				CLANG_ENABLE_MODULES = YES;
				CLANG_ENABLE_OBJC_ARC = YES;
				CLANG_WARN_BOOL_CONVERSION = YES;
				CLANG_WARN_CONSTANT_CONVERSION = YES;
				CLANG_WARN_DIRECT_OBJC_ISA_USAGE = YES_ERROR;
				CLANG_WARN_EMPTY_BODY = YES;
				CLANG_WARN_ENUM_CONVERSION = YES;
				CLANG_WARN_INT_CONVERSION = YES;
				CLANG_WARN_OBJC_ROOT_CLASS = YES_ERROR;
				CLANG_WARN_UNREACHABLE_CODE = YES;
				CLANG_WARN__DUPLICATE_METHOD_MATCH = YES;
				"CODE_SIGN_IDENTITY[sdk=iphoneos*]" = "iPhone Developer";
				COPY_PHASE_STRIP = NO;
				DEBUG_INFORMATION_FORMAT = dwarf;
				ENABLE_STRICT_OBJC_MSGSEND = YES;
				ENABLE_TESTABILITY = YES;
				GCC_C_LANGUAGE_STANDARD = gnu99;
				GCC_DYNAMIC_NO_PIC = NO;
				GCC_NO_COMMON_BLOCKS = YES;
				GCC_OPTIMIZATION_LEVEL = 0;
				GCC_PREPROCESSOR_DEFINITIONS = (
					"DEBUG=1",
					"$(inherited)",
				);
				GCC_WARN_64_TO_32_BIT_CONVERSION = YES;
				GCC_WARN_ABOUT_RETURN_TYPE = YES_ERROR;
				GCC_WARN_UNDECLARED_SELECTOR = YES;
				GCC_WARN_UNINITIALIZED_AUTOS = YES_AGGRESSIVE;
				GCC_WARN_UNUSED_FUNCTION = YES;
				GCC_WARN_UNUSED_VARIABLE = YES;
				IPHONEOS_DEPLOYMENT_TARGET = 9.2;
				MTL_ENABLE_DEBUG_INFO = YES;
				ONLY_ACTIVE_ARCH = YES;
				SDKROOT = iphoneos;
			};
			name = Debug;
		};
		6F8E67461C17E80500EF46B6 /* Release */ = {
			isa = XCBuildConfiguration;
			buildSettings = {
				ALWAYS_SEARCH_USER_PATHS = NO;
				CLANG_CXX_LANGUAGE_STANDARD = "gnu++0x";
				CLANG_CXX_LIBRARY = "libc++";
				CLANG_ENABLE_MODULES = YES;
				CLANG_ENABLE_OBJC_ARC = YES;
				CLANG_WARN_BOOL_CONVERSION = YES;
				CLANG_WARN_CONSTANT_CONVERSION = YES;
				CLANG_WARN_DIRECT_OBJC_ISA_USAGE = YES_ERROR;
				CLANG_WARN_EMPTY_BODY = YES;
				CLANG_WARN_ENUM_CONVERSION = YES;
				CLANG_WARN_INT_CONVERSION = YES;
				CLANG_WARN_OBJC_ROOT_CLASS = YES_ERROR;
				CLANG_WARN_UNREACHABLE_CODE = YES;
				CLANG_WARN__DUPLICATE_METHOD_MATCH = YES;
				"CODE_SIGN_IDENTITY[sdk=iphoneos*]" = "iPhone Developer";
				COPY_PHASE_STRIP = NO;
				DEBUG_INFORMATION_FORMAT = "dwarf-with-dsym";
				ENABLE_NS_ASSERTIONS = NO;
				ENABLE_STRICT_OBJC_MSGSEND = YES;
				GCC_C_LANGUAGE_STANDARD = gnu99;
				GCC_NO_COMMON_BLOCKS = YES;
				GCC_WARN_64_TO_32_BIT_CONVERSION = YES;
				GCC_WARN_ABOUT_RETURN_TYPE = YES_ERROR;
				GCC_WARN_UNDECLARED_SELECTOR = YES;
				GCC_WARN_UNINITIALIZED_AUTOS = YES_AGGRESSIVE;
				GCC_WARN_UNUSED_FUNCTION = YES;
				GCC_WARN_UNUSED_VARIABLE = YES;
				IPHONEOS_DEPLOYMENT_TARGET = 9.2;
				MTL_ENABLE_DEBUG_INFO = NO;
				SDKROOT = iphoneos;
				VALIDATE_PRODUCT = YES;
			};
			name = Release;
		};
		6F8E67481C17E80500EF46B6 /* Debug */ = {
			isa = XCBuildConfiguration;
			buildSettings = {
				ASSETCATALOG_COMPILER_APPICON_NAME = AppIcon;
				CODE_SIGN_IDENTITY = "iPhone Developer";
				INFOPLIST_FILE = FristProject/Info.plist;
				IPHONEOS_DEPLOYMENT_TARGET = 8.0;
				LD_RUNPATH_SEARCH_PATHS = "$(inherited) @executable_path/Frameworks";
				LIBRARY_SEARCH_PATHS = (
					"$(inherited)",
					"$(PROJECT_DIR)/FristProject/lib/LibBPush",
					"$(PROJECT_DIR)/FristProject/lib/MBMapkit",
				);
				PRODUCT_BUNDLE_IDENTIFIER = com.wei.FristProject;
				PRODUCT_NAME = "$(TARGET_NAME)";
			};
			name = Debug;
		};
		6F8E67491C17E80500EF46B6 /* Release */ = {
			isa = XCBuildConfiguration;
			buildSettings = {
				ASSETCATALOG_COMPILER_APPICON_NAME = AppIcon;
				CODE_SIGN_IDENTITY = "iPhone Developer";
				INFOPLIST_FILE = FristProject/Info.plist;
				IPHONEOS_DEPLOYMENT_TARGET = 8.0;
				LD_RUNPATH_SEARCH_PATHS = "$(inherited) @executable_path/Frameworks";
				LIBRARY_SEARCH_PATHS = (
					"$(inherited)",
					"$(PROJECT_DIR)/FristProject/lib/LibBPush",
					"$(PROJECT_DIR)/FristProject/lib/MBMapkit",
				);
				PRODUCT_BUNDLE_IDENTIFIER = com.wei.FristProject;
				PRODUCT_NAME = "$(TARGET_NAME)";
			};
			name = Release;
		};
		6F8E674B1C17E80500EF46B6 /* Debug */ = {
			isa = XCBuildConfiguration;
			buildSettings = {
				BUNDLE_LOADER = "$(TEST_HOST)";
				INFOPLIST_FILE = FristProjectTests/Info.plist;
				LD_RUNPATH_SEARCH_PATHS = "$(inherited) @executable_path/Frameworks @loader_path/Frameworks";
				PRODUCT_BUNDLE_IDENTIFIER = com.wei.FristProjectTests;
				PRODUCT_NAME = "$(TARGET_NAME)";
				TEST_HOST = "$(BUILT_PRODUCTS_DIR)/FristProject.app/FristProject";
			};
			name = Debug;
		};
		6F8E674C1C17E80500EF46B6 /* Release */ = {
			isa = XCBuildConfiguration;
			buildSettings = {
				BUNDLE_LOADER = "$(TEST_HOST)";
				INFOPLIST_FILE = FristProjectTests/Info.plist;
				LD_RUNPATH_SEARCH_PATHS = "$(inherited) @executable_path/Frameworks @loader_path/Frameworks";
				PRODUCT_BUNDLE_IDENTIFIER = com.wei.FristProjectTests;
				PRODUCT_NAME = "$(TARGET_NAME)";
				TEST_HOST = "$(BUILT_PRODUCTS_DIR)/FristProject.app/FristProject";
			};
			name = Release;
		};
		6F8E674E1C17E80500EF46B6 /* Debug */ = {
			isa = XCBuildConfiguration;
			buildSettings = {
				INFOPLIST_FILE = FristProjectUITests/Info.plist;
				LD_RUNPATH_SEARCH_PATHS = "$(inherited) @executable_path/Frameworks @loader_path/Frameworks";
				PRODUCT_BUNDLE_IDENTIFIER = com.wei.FristProjectUITests;
				PRODUCT_NAME = "$(TARGET_NAME)";
				TEST_TARGET_NAME = FristProject;
				USES_XCTRUNNER = YES;
			};
			name = Debug;
		};
		6F8E674F1C17E80500EF46B6 /* Release */ = {
			isa = XCBuildConfiguration;
			buildSettings = {
				INFOPLIST_FILE = FristProjectUITests/Info.plist;
				LD_RUNPATH_SEARCH_PATHS = "$(inherited) @executable_path/Frameworks @loader_path/Frameworks";
				PRODUCT_BUNDLE_IDENTIFIER = com.wei.FristProjectUITests;
				PRODUCT_NAME = "$(TARGET_NAME)";
				TEST_TARGET_NAME = FristProject;
				USES_XCTRUNNER = YES;
			};
			name = Release;
		};
/* End XCBuildConfiguration section */

/* Begin XCConfigurationList section */
		6F8E67151C17E80400EF46B6 /* Build configuration list for PBXProject "FristProject" */ = {
			isa = XCConfigurationList;
			buildConfigurations = (
				6F8E67451C17E80500EF46B6 /* Debug */,
				6F8E67461C17E80500EF46B6 /* Release */,
			);
			defaultConfigurationIsVisible = 0;
			defaultConfigurationName = Release;
		};
		6F8E67471C17E80500EF46B6 /* Build configuration list for PBXNativeTarget "FristProject" */ = {
			isa = XCConfigurationList;
			buildConfigurations = (
				6F8E67481C17E80500EF46B6 /* Debug */,
				6F8E67491C17E80500EF46B6 /* Release */,
			);
			defaultConfigurationIsVisible = 0;
		};
		6F8E674A1C17E80500EF46B6 /* Build configuration list for PBXNativeTarget "FristProjectTests" */ = {
			isa = XCConfigurationList;
			buildConfigurations = (
				6F8E674B1C17E80500EF46B6 /* Debug */,
				6F8E674C1C17E80500EF46B6 /* Release */,
			);
			defaultConfigurationIsVisible = 0;
		};
		6F8E674D1C17E80500EF46B6 /* Build configuration list for PBXNativeTarget "FristProjectUITests" */ = {
			isa = XCConfigurationList;
			buildConfigurations = (
				6F8E674E1C17E80500EF46B6 /* Debug */,
				6F8E674F1C17E80500EF46B6 /* Release */,
			);
			defaultConfigurationIsVisible = 0;
		};
/* End XCConfigurationList section */
	};
	rootObject = 6F8E67121C17E80400EF46B6 /* Project object */;
}
